// !$*UTF8*$!
{
	archiveVersion = 1;
	classes = {
	};
	objectVersion = 51;
	objects = {

/* Begin PBXBuildFile section */
		0F5A3DC7CC2F066FEAD2AF0E /* PokemonStatsTitleCell.swift in Sources */ = {isa = PBXBuildFile; fileRef = 2135336A58D63D606E4366B1 /* PokemonStatsTitleCell.swift */; };
		2B57D0D402EE84C7435488A0 /* PokeBallLoader.swift in Sources */ = {isa = PBXBuildFile; fileRef = EE431112A41B3A57F313D2B3 /* PokeBallLoader.swift */; };
		3237128F1B9F5165B5A712D4 /* PokemonType.swift in Sources */ = {isa = PBXBuildFile; fileRef = DCE656CE2D09B876EC85517F /* PokemonType.swift */; };
		3B823240273D224794D36C2D /* Assets.xcassets in Resources */ = {isa = PBXBuildFile; fileRef = 67C95F63F6286311E7398E3A /* Assets.xcassets */; };
		414034E17057BEDE0E9F4EB4 /* PokemonColor.swift in Sources */ = {isa = PBXBuildFile; fileRef = 6B4D5D2915A3598B279080F2 /* PokemonColor.swift */; };
		439D96FFBDD3D289F4B24939 /* PokemonDetailTableViewHeader.swift in Sources */ = {isa = PBXBuildFile; fileRef = 83E171664FC664161BDA905A /* PokemonDetailTableViewHeader.swift */; };
		487CB22C4A0497AB7FDBA331 /* LaunchScreen.storyboard in Resources */ = {isa = PBXBuildFile; fileRef = A731D9C22186CF5D841CF260 /* LaunchScreen.storyboard */; };
		5E1CA9105F4C1A1274490830 /* EndPoint.swift in Sources */ = {isa = PBXBuildFile; fileRef = 94C15943F6315F62E7221045 /* EndPoint.swift */; };
		6264BE5BD5035BC072DFE117 /* PokemonListViewController.swift in Sources */ = {isa = PBXBuildFile; fileRef = 79A0C5C29306FB222015C4E3 /* PokemonListViewController.swift */; };
		667AB78A96A982ADC5FD3D40 /* PokemonListView.swift in Sources */ = {isa = PBXBuildFile; fileRef = D2902C64CB208D68BC17EF8B /* PokemonListView.swift */; };
		6A9D8E8EBF2CEEFDB0E9D86B /* PokedexEndpoint.swift in Sources */ = {isa = PBXBuildFile; fileRef = D5518DFC0DB7F7A6CFE38FEA /* PokedexEndpoint.swift */; };
		6A9DB1BF9317A0E2151AD8E3 /* PokemonDetailView.swift in Sources */ = {isa = PBXBuildFile; fileRef = 3614508BD93277D08F0A7245 /* PokemonDetailView.swift */; };
		71B4A239828BC82E81292DBF /* PokemonsCollectionViewFooter.swift in Sources */ = {isa = PBXBuildFile; fileRef = AB0CA2701AC802307BEB80E7 /* PokemonsCollectionViewFooter.swift */; };
		7E06F047DFBE8A40048EE9A0 /* PokemonDetailViewController.swift in Sources */ = {isa = PBXBuildFile; fileRef = 2439916FC5B881F12618C9D1 /* PokemonDetailViewController.swift */; };
		7F4A866A98EA74043D1B8BE2 /* APIError.swift in Sources */ = {isa = PBXBuildFile; fileRef = 97D0563D357DAFD2B5AE50B2 /* APIError.swift */; };
		7FB44B7F9F2AB7782700095C /* UIView+roundCorners.swift in Sources */ = {isa = PBXBuildFile; fileRef = F95CD8CC50E07C0C7363E47E /* UIView+roundCorners.swift */; };
		ADE88F84A6C002AE65D852A3 /* StatisticIndicatorView.swift in Sources */ = {isa = PBXBuildFile; fileRef = 4902DF749EE83E5490C641E9 /* StatisticIndicatorView.swift */; };
		B09044356637969C49765806 /* AppDelegate.swift in Sources */ = {isa = PBXBuildFile; fileRef = 70AD3D70F9F2DBC64B8B21B6 /* AppDelegate.swift */; };
		C0F6AE53134EB4E44D5D922E /* PokemonStatCell.swift in Sources */ = {isa = PBXBuildFile; fileRef = D37B8967279B63BC51DDBF7F /* PokemonStatCell.swift */; };
		C4C4D9CD3001586FEA94D2DE /* UIColor+hex.swift in Sources */ = {isa = PBXBuildFile; fileRef = DB35F9122FD14CDB94EE6195 /* UIColor+hex.swift */; };
		C77507188ECA4EEE8279FCA7 /* Pokemon.swift in Sources */ = {isa = PBXBuildFile; fileRef = 5F54BCE34D42BF3B69BFC622 /* Pokemon.swift */; };
		CE8850BA3F681711E340DE37 /* PokemonCell.swift in Sources */ = {isa = PBXBuildFile; fileRef = A0A2ED4AB926EC098DD9040E /* PokemonCell.swift */; };
		D8EE6A1801E054AA6821A751 /* APIClient.swift in Sources */ = {isa = PBXBuildFile; fileRef = C132F9E7B64B49C52D7CCD09 /* APIClient.swift */; };
		DE5CA7372514F8E500DB2E03 /* Device.swift in Sources */ = {isa = PBXBuildFile; fileRef = DE5CA7362514F8E500DB2E03 /* Device.swift */; };
		DE760CDF2511168D00219C1A /* PokedexTests.swift in Sources */ = {isa = PBXBuildFile; fileRef = DE760CDE2511168D00219C1A /* PokedexTests.swift */; };
		DE90DCB62512510000BC1C34 /* Pokemons.json in Resources */ = {isa = PBXBuildFile; fileRef = DE90DCB52512510000BC1C34 /* Pokemons.json */; };
		DE90DCB8251257C100BC1C34 /* JSONReader.swift in Sources */ = {isa = PBXBuildFile; fileRef = DE90DCB7251257C100BC1C34 /* JSONReader.swift */; };
		E9E81AE592F84160E199F5D4 /* Array+subscript.swift in Sources */ = {isa = PBXBuildFile; fileRef = 992800B41A8360BBAC961E47 /* Array+subscript.swift */; };
		EF650D90CF06D0CE5568CD78 /* AsyncLoadImageView.swift in Sources */ = {isa = PBXBuildFile; fileRef = AE56B2D8EF7393D5D64428F0 /* AsyncLoadImageView.swift */; };
		F5BD74BD12F7D2AFD35FC053 /* PokedexAPIClient.swift in Sources */ = {isa = PBXBuildFile; fileRef = BA247B7FB459CD023F313152 /* PokedexAPIClient.swift */; };
/* End PBXBuildFile section */

/* Begin PBXContainerItemProxy section */
		DE760CE12511168D00219C1A /* PBXContainerItemProxy */ = {
			isa = PBXContainerItemProxy;
			containerPortal = 06510187501688BCA6CB4E60 /* Project object */;
			proxyType = 1;
			remoteGlobalIDString = D8AADF6CAE729A3D698F1F37;
			remoteInfo = Pokedex;
		};
/* End PBXContainerItemProxy section */

/* Begin PBXFileReference section */
		2135336A58D63D606E4366B1 /* PokemonStatsTitleCell.swift */ = {isa = PBXFileReference; lastKnownFileType = sourcecode.swift; path = PokemonStatsTitleCell.swift; sourceTree = "<group>"; };
		232BDFE5DBA68B07E07B5C18 /* Pokedex.app */ = {isa = PBXFileReference; explicitFileType = wrapper.application; includeInIndex = 0; path = Pokedex.app; sourceTree = BUILT_PRODUCTS_DIR; };
		2439916FC5B881F12618C9D1 /* PokemonDetailViewController.swift */ = {isa = PBXFileReference; lastKnownFileType = sourcecode.swift; path = PokemonDetailViewController.swift; sourceTree = "<group>"; };
		3614508BD93277D08F0A7245 /* PokemonDetailView.swift */ = {isa = PBXFileReference; lastKnownFileType = sourcecode.swift; path = PokemonDetailView.swift; sourceTree = "<group>"; };
		4902DF749EE83E5490C641E9 /* StatisticIndicatorView.swift */ = {isa = PBXFileReference; lastKnownFileType = sourcecode.swift; path = StatisticIndicatorView.swift; sourceTree = "<group>"; };
		5F54BCE34D42BF3B69BFC622 /* Pokemon.swift */ = {isa = PBXFileReference; lastKnownFileType = sourcecode.swift; path = Pokemon.swift; sourceTree = "<group>"; };
		67C95F63F6286311E7398E3A /* Assets.xcassets */ = {isa = PBXFileReference; lastKnownFileType = folder.assetcatalog; path = Assets.xcassets; sourceTree = "<group>"; };
		6B4D5D2915A3598B279080F2 /* PokemonColor.swift */ = {isa = PBXFileReference; lastKnownFileType = sourcecode.swift; path = PokemonColor.swift; sourceTree = "<group>"; };
		706C8C89A5209E073918A5AE /* Info.plist */ = {isa = PBXFileReference; lastKnownFileType = text.plist; path = Info.plist; sourceTree = "<group>"; };
		70AD3D70F9F2DBC64B8B21B6 /* AppDelegate.swift */ = {isa = PBXFileReference; lastKnownFileType = sourcecode.swift; path = AppDelegate.swift; sourceTree = "<group>"; };
		79A0C5C29306FB222015C4E3 /* PokemonListViewController.swift */ = {isa = PBXFileReference; lastKnownFileType = sourcecode.swift; path = PokemonListViewController.swift; sourceTree = "<group>"; };
		83E171664FC664161BDA905A /* PokemonDetailTableViewHeader.swift */ = {isa = PBXFileReference; lastKnownFileType = sourcecode.swift; path = PokemonDetailTableViewHeader.swift; sourceTree = "<group>"; };
		94C15943F6315F62E7221045 /* EndPoint.swift */ = {isa = PBXFileReference; lastKnownFileType = sourcecode.swift; path = EndPoint.swift; sourceTree = "<group>"; };
		97D0563D357DAFD2B5AE50B2 /* APIError.swift */ = {isa = PBXFileReference; lastKnownFileType = sourcecode.swift; path = APIError.swift; sourceTree = "<group>"; };
		992800B41A8360BBAC961E47 /* Array+subscript.swift */ = {isa = PBXFileReference; lastKnownFileType = sourcecode.swift; path = "Array+subscript.swift"; sourceTree = "<group>"; };
		A0A2ED4AB926EC098DD9040E /* PokemonCell.swift */ = {isa = PBXFileReference; lastKnownFileType = sourcecode.swift; path = PokemonCell.swift; sourceTree = "<group>"; };
		A8D1E7D569AF8E23B9C5D4E2 /* Base */ = {isa = PBXFileReference; lastKnownFileType = file.storyboard; name = Base; path = Base.lproj/LaunchScreen.storyboard; sourceTree = "<group>"; };
		AB0CA2701AC802307BEB80E7 /* PokemonsCollectionViewFooter.swift */ = {isa = PBXFileReference; lastKnownFileType = sourcecode.swift; path = PokemonsCollectionViewFooter.swift; sourceTree = "<group>"; };
		AE56B2D8EF7393D5D64428F0 /* AsyncLoadImageView.swift */ = {isa = PBXFileReference; lastKnownFileType = sourcecode.swift; path = AsyncLoadImageView.swift; sourceTree = "<group>"; };
		BA247B7FB459CD023F313152 /* PokedexAPIClient.swift */ = {isa = PBXFileReference; lastKnownFileType = sourcecode.swift; path = PokedexAPIClient.swift; sourceTree = "<group>"; };
		C132F9E7B64B49C52D7CCD09 /* APIClient.swift */ = {isa = PBXFileReference; lastKnownFileType = sourcecode.swift; path = APIClient.swift; sourceTree = "<group>"; };
		D2902C64CB208D68BC17EF8B /* PokemonListView.swift */ = {isa = PBXFileReference; lastKnownFileType = sourcecode.swift; path = PokemonListView.swift; sourceTree = "<group>"; };
		D37B8967279B63BC51DDBF7F /* PokemonStatCell.swift */ = {isa = PBXFileReference; lastKnownFileType = sourcecode.swift; path = PokemonStatCell.swift; sourceTree = "<group>"; };
		D5518DFC0DB7F7A6CFE38FEA /* PokedexEndpoint.swift */ = {isa = PBXFileReference; lastKnownFileType = sourcecode.swift; path = PokedexEndpoint.swift; sourceTree = "<group>"; };
		DB35F9122FD14CDB94EE6195 /* UIColor+hex.swift */ = {isa = PBXFileReference; lastKnownFileType = sourcecode.swift; path = "UIColor+hex.swift"; sourceTree = "<group>"; };
		DCE656CE2D09B876EC85517F /* PokemonType.swift */ = {isa = PBXFileReference; lastKnownFileType = sourcecode.swift; path = PokemonType.swift; sourceTree = "<group>"; };
		DE5CA7362514F8E500DB2E03 /* Device.swift */ = {isa = PBXFileReference; lastKnownFileType = sourcecode.swift; path = Device.swift; sourceTree = "<group>"; };
		DE760CDC2511168D00219C1A /* PokedexTests.xctest */ = {isa = PBXFileReference; explicitFileType = wrapper.cfbundle; includeInIndex = 0; path = PokedexTests.xctest; sourceTree = BUILT_PRODUCTS_DIR; };
		DE760CDE2511168D00219C1A /* PokedexTests.swift */ = {isa = PBXFileReference; lastKnownFileType = sourcecode.swift; path = PokedexTests.swift; sourceTree = "<group>"; };
		DE760CE02511168D00219C1A /* Info.plist */ = {isa = PBXFileReference; lastKnownFileType = text.plist.xml; path = Info.plist; sourceTree = "<group>"; };
		DE90DCB52512510000BC1C34 /* Pokemons.json */ = {isa = PBXFileReference; lastKnownFileType = text.json; path = Pokemons.json; sourceTree = "<group>"; };
		DE90DCB7251257C100BC1C34 /* JSONReader.swift */ = {isa = PBXFileReference; fileEncoding = 4; lastKnownFileType = sourcecode.swift; path = JSONReader.swift; sourceTree = "<group>"; };
		EE431112A41B3A57F313D2B3 /* PokeBallLoader.swift */ = {isa = PBXFileReference; lastKnownFileType = sourcecode.swift; path = PokeBallLoader.swift; sourceTree = "<group>"; };
		F95CD8CC50E07C0C7363E47E /* UIView+roundCorners.swift */ = {isa = PBXFileReference; lastKnownFileType = sourcecode.swift; path = "UIView+roundCorners.swift"; sourceTree = "<group>"; };
/* End PBXFileReference section */

/* Begin PBXFrameworksBuildPhase section */
		DE760CD92511168D00219C1A /* Frameworks */ = {
			isa = PBXFrameworksBuildPhase;
			buildActionMask = 2147483647;
			files = (
			);
			runOnlyForDeploymentPostprocessing = 0;
		};
/* End PBXFrameworksBuildPhase section */

/* Begin PBXGroup section */
		2E81CC6679647A8E4064CF4C /* Networking */ = {
			isa = PBXGroup;
			children = (
				C132F9E7B64B49C52D7CCD09 /* APIClient.swift */,
				97D0563D357DAFD2B5AE50B2 /* APIError.swift */,
				BA247B7FB459CD023F313152 /* PokedexAPIClient.swift */,
				784B9970445DCBAE6DC3557B /* EndPoint */,
			);
			path = Networking;
			sourceTree = "<group>";
		};
		30902FACF13BD366616B50AF /* Models */ = {
			isa = PBXGroup;
			children = (
				5F54BCE34D42BF3B69BFC622 /* Pokemon.swift */,
				DCE656CE2D09B876EC85517F /* PokemonType.swift */,
			);
			path = Models;
			sourceTree = "<group>";
		};
		3C63DDE0A817EDCA45B0C3E4 /* PokemonList */ = {
			isa = PBXGroup;
			children = (
				D2902C64CB208D68BC17EF8B /* PokemonListView.swift */,
				79A0C5C29306FB222015C4E3 /* PokemonListViewController.swift */,
				5DEAF62662A87B3D82143818 /* Views */,
			);
			path = PokemonList;
			sourceTree = "<group>";
		};
		584B15FB74CF544E5A557B41 /* Pokedex */ = {
			isa = PBXGroup;
			children = (
				DE90DCB22512507E00BC1C34 /* Resources */,
				70AD3D70F9F2DBC64B8B21B6 /* AppDelegate.swift */,
				706C8C89A5209E073918A5AE /* Info.plist */,
				A731D9C22186CF5D841CF260 /* LaunchScreen.storyboard */,
				30902FACF13BD366616B50AF /* Models */,
				A402320BF3F675DE0D2E4CCD /* Extensions */,
				2E81CC6679647A8E4064CF4C /* Networking */,
				94536B77B52D59642D055F45 /* PokemonDetail */,
				3C63DDE0A817EDCA45B0C3E4 /* PokemonList */,
				CBAEB7350A44C5BB23D33701 /* Utilities */,
			);
			path = Pokedex;
			sourceTree = "<group>";
		};
		5DEAF62662A87B3D82143818 /* Views */ = {
			isa = PBXGroup;
			children = (
				A0A2ED4AB926EC098DD9040E /* PokemonCell.swift */,
				AB0CA2701AC802307BEB80E7 /* PokemonsCollectionViewFooter.swift */,
			);
			path = Views;
			sourceTree = "<group>";
		};
		784B9970445DCBAE6DC3557B /* EndPoint */ = {
			isa = PBXGroup;
			children = (
				94C15943F6315F62E7221045 /* EndPoint.swift */,
				D5518DFC0DB7F7A6CFE38FEA /* PokedexEndpoint.swift */,
			);
			path = EndPoint;
			sourceTree = "<group>";
		};
		94536B77B52D59642D055F45 /* PokemonDetail */ = {
			isa = PBXGroup;
			children = (
				3614508BD93277D08F0A7245 /* PokemonDetailView.swift */,
				2439916FC5B881F12618C9D1 /* PokemonDetailViewController.swift */,
				AA6B6809D40B133F67151653 /* Views */,
			);
			path = PokemonDetail;
			sourceTree = "<group>";
		};
		A402320BF3F675DE0D2E4CCD /* Extensions */ = {
			isa = PBXGroup;
			children = (
				992800B41A8360BBAC961E47 /* Array+subscript.swift */,
				DB35F9122FD14CDB94EE6195 /* UIColor+hex.swift */,
				F95CD8CC50E07C0C7363E47E /* UIView+roundCorners.swift */,
			);
			path = Extensions;
			sourceTree = "<group>";
		};
		AA6B6809D40B133F67151653 /* Views */ = {
			isa = PBXGroup;
			children = (
				83E171664FC664161BDA905A /* PokemonDetailTableViewHeader.swift */,
				D37B8967279B63BC51DDBF7F /* PokemonStatCell.swift */,
				2135336A58D63D606E4366B1 /* PokemonStatsTitleCell.swift */,
			);
			path = Views;
			sourceTree = "<group>";
		};
		CA1BFF45485C84F7D868512D = {
			isa = PBXGroup;
			children = (
				584B15FB74CF544E5A557B41 /* Pokedex */,
				DE760CDD2511168D00219C1A /* PokedexTests */,
				CD7879169A7D11E3C86BF4B8 /* Products */,
			);
			sourceTree = "<group>";
		};
		CBAEB7350A44C5BB23D33701 /* Utilities */ = {
			isa = PBXGroup;
			children = (
				DE90DCB7251257C100BC1C34 /* JSONReader.swift */,
				6B4D5D2915A3598B279080F2 /* PokemonColor.swift */,
				AE56B2D8EF7393D5D64428F0 /* AsyncLoadImageView.swift */,
				EE431112A41B3A57F313D2B3 /* PokeBallLoader.swift */,
				4902DF749EE83E5490C641E9 /* StatisticIndicatorView.swift */,
				DE5CA7362514F8E500DB2E03 /* Device.swift */,
			);
			path = Utilities;
			sourceTree = "<group>";
		};
		CD7879169A7D11E3C86BF4B8 /* Products */ = {
			isa = PBXGroup;
			children = (
				232BDFE5DBA68B07E07B5C18 /* Pokedex.app */,
				DE760CDC2511168D00219C1A /* PokedexTests.xctest */,
			);
			name = Products;
			sourceTree = "<group>";
		};
		DE760CDD2511168D00219C1A /* PokedexTests */ = {
			isa = PBXGroup;
			children = (
				DE760CDE2511168D00219C1A /* PokedexTests.swift */,
				DE760CE02511168D00219C1A /* Info.plist */,
			);
			path = PokedexTests;
			sourceTree = "<group>";
		};
		DE90DCB22512507E00BC1C34 /* Resources */ = {
			isa = PBXGroup;
			children = (
				67C95F63F6286311E7398E3A /* Assets.xcassets */,
				DE90DCB52512510000BC1C34 /* Pokemons.json */,
			);
			path = Resources;
			sourceTree = "<group>";
		};
/* End PBXGroup section */

/* Begin PBXNativeTarget section */
		D8AADF6CAE729A3D698F1F37 /* Pokedex */ = {
			isa = PBXNativeTarget;
			buildConfigurationList = BD8DFB74652680E911DF0378 /* Build configuration list for PBXNativeTarget "Pokedex" */;
			buildPhases = (
				B243032FD35329282E6C881F /* Sources */,
				C3331C60F150C4D13E161725 /* Resources */,
			);
			buildRules = (
			);
			dependencies = (
			);
			name = Pokedex;
			productName = Pokedex;
			productReference = 232BDFE5DBA68B07E07B5C18 /* Pokedex.app */;
			productType = "com.apple.product-type.application";
		};
		DE760CDB2511168D00219C1A /* PokedexTests */ = {
			isa = PBXNativeTarget;
			buildConfigurationList = DE760CE52511168D00219C1A /* Build configuration list for PBXNativeTarget "PokedexTests" */;
			buildPhases = (
				DE760CD82511168D00219C1A /* Sources */,
				DE760CD92511168D00219C1A /* Frameworks */,
				DE760CDA2511168D00219C1A /* Resources */,
			);
			buildRules = (
			);
			dependencies = (
				DE760CE22511168D00219C1A /* PBXTargetDependency */,
			);
			name = PokedexTests;
			productName = PokedexTests;
			productReference = DE760CDC2511168D00219C1A /* PokedexTests.xctest */;
			productType = "com.apple.product-type.bundle.unit-test";
		};
/* End PBXNativeTarget section */

/* Begin PBXProject section */
		06510187501688BCA6CB4E60 /* Project object */ = {
			isa = PBXProject;
			attributes = {
				LastSwiftUpdateCheck = 1170;
				LastUpgradeCheck = 1020;
				TargetAttributes = {
					DE760CDB2511168D00219C1A = {
						CreatedOnToolsVersion = 11.7;
						TestTargetID = D8AADF6CAE729A3D698F1F37;
					};
				};
			};
			buildConfigurationList = 9939347F5639D6C0831D9968 /* Build configuration list for PBXProject "Pokedex" */;
			compatibilityVersion = "Xcode 10.0";
			developmentRegion = en;
			hasScannedForEncodings = 0;
			knownRegions = (
				en,
				Base,
			);
			mainGroup = CA1BFF45485C84F7D868512D;
			projectDirPath = "";
			projectRoot = "";
			targets = (
				D8AADF6CAE729A3D698F1F37 /* Pokedex */,
				DE760CDB2511168D00219C1A /* PokedexTests */,
			);
		};
/* End PBXProject section */

/* Begin PBXResourcesBuildPhase section */
		C3331C60F150C4D13E161725 /* Resources */ = {
			isa = PBXResourcesBuildPhase;
			buildActionMask = 2147483647;
			files = (
				3B823240273D224794D36C2D /* Assets.xcassets in Resources */,
				487CB22C4A0497AB7FDBA331 /* LaunchScreen.storyboard in Resources */,
				DE90DCB62512510000BC1C34 /* Pokemons.json in Resources */,
			);
			runOnlyForDeploymentPostprocessing = 0;
		};
		DE760CDA2511168D00219C1A /* Resources */ = {
			isa = PBXResourcesBuildPhase;
			buildActionMask = 2147483647;
			files = (
			);
			runOnlyForDeploymentPostprocessing = 0;
		};
/* End PBXResourcesBuildPhase section */

/* Begin PBXSourcesBuildPhase section */
		B243032FD35329282E6C881F /* Sources */ = {
			isa = PBXSourcesBuildPhase;
			buildActionMask = 2147483647;
			files = (
				D8EE6A1801E054AA6821A751 /* APIClient.swift in Sources */,
				7F4A866A98EA74043D1B8BE2 /* APIError.swift in Sources */,
				B09044356637969C49765806 /* AppDelegate.swift in Sources */,
				E9E81AE592F84160E199F5D4 /* Array+subscript.swift in Sources */,
				414034E17057BEDE0E9F4EB4 /* PokemonColor.swift in Sources */,
				5E1CA9105F4C1A1274490830 /* EndPoint.swift in Sources */,
				EF650D90CF06D0CE5568CD78 /* AsyncLoadImageView.swift in Sources */,
				2B57D0D402EE84C7435488A0 /* PokeBallLoader.swift in Sources */,
				F5BD74BD12F7D2AFD35FC053 /* PokedexAPIClient.swift in Sources */,
				6A9D8E8EBF2CEEFDB0E9D86B /* PokedexEndpoint.swift in Sources */,
				C77507188ECA4EEE8279FCA7 /* Pokemon.swift in Sources */,
				CE8850BA3F681711E340DE37 /* PokemonCell.swift in Sources */,
				439D96FFBDD3D289F4B24939 /* PokemonDetailTableViewHeader.swift in Sources */,
				DE5CA7372514F8E500DB2E03 /* Device.swift in Sources */,
				6A9DB1BF9317A0E2151AD8E3 /* PokemonDetailView.swift in Sources */,
				7E06F047DFBE8A40048EE9A0 /* PokemonDetailViewController.swift in Sources */,
				667AB78A96A982ADC5FD3D40 /* PokemonListView.swift in Sources */,
				6264BE5BD5035BC072DFE117 /* PokemonListViewController.swift in Sources */,
				C0F6AE53134EB4E44D5D922E /* PokemonStatCell.swift in Sources */,
				0F5A3DC7CC2F066FEAD2AF0E /* PokemonStatsTitleCell.swift in Sources */,
				3237128F1B9F5165B5A712D4 /* PokemonType.swift in Sources */,
				DE90DCB8251257C100BC1C34 /* JSONReader.swift in Sources */,
				71B4A239828BC82E81292DBF /* PokemonsCollectionViewFooter.swift in Sources */,
				ADE88F84A6C002AE65D852A3 /* StatisticIndicatorView.swift in Sources */,
				C4C4D9CD3001586FEA94D2DE /* UIColor+hex.swift in Sources */,
				7FB44B7F9F2AB7782700095C /* UIView+roundCorners.swift in Sources */,
			);
			runOnlyForDeploymentPostprocessing = 0;
		};
		DE760CD82511168D00219C1A /* Sources */ = {
			isa = PBXSourcesBuildPhase;
			buildActionMask = 2147483647;
			files = (
				DE760CDF2511168D00219C1A /* PokedexTests.swift in Sources */,
			);
			runOnlyForDeploymentPostprocessing = 0;
		};
/* End PBXSourcesBuildPhase section */

/* Begin PBXTargetDependency section */
		DE760CE22511168D00219C1A /* PBXTargetDependency */ = {
			isa = PBXTargetDependency;
			target = D8AADF6CAE729A3D698F1F37 /* Pokedex */;
			targetProxy = DE760CE12511168D00219C1A /* PBXContainerItemProxy */;
		};
/* End PBXTargetDependency section */

/* Begin PBXVariantGroup section */
		A731D9C22186CF5D841CF260 /* LaunchScreen.storyboard */ = {
			isa = PBXVariantGroup;
			children = (
				A8D1E7D569AF8E23B9C5D4E2 /* Base */,
			);
			name = LaunchScreen.storyboard;
			sourceTree = "<group>";
		};
/* End PBXVariantGroup section */

/* Begin XCBuildConfiguration section */
		0B8EE91984B1D5B6BB33A663 /* Debug */ = {
			isa = XCBuildConfiguration;
			buildSettings = {
				ALWAYS_SEARCH_USER_PATHS = NO;
				CLANG_ANALYZER_NONNULL = YES;
				CLANG_ANALYZER_NUMBER_OBJECT_CONVERSION = YES_AGGRESSIVE;
				CLANG_CXX_LANGUAGE_STANDARD = "gnu++14";
				CLANG_CXX_LIBRARY = "libc++";
				CLANG_ENABLE_MODULES = YES;
				CLANG_ENABLE_OBJC_ARC = YES;
				CLANG_WARN_BLOCK_CAPTURE_AUTORELEASING = YES;
				CLANG_WARN_BOOL_CONVERSION = YES;
				CLANG_WARN_COMMA = YES;
				CLANG_WARN_CONSTANT_CONVERSION = YES;
				CLANG_WARN_DEPRECATED_OBJC_IMPLEMENTATIONS = YES;
				CLANG_WARN_DIRECT_OBJC_ISA_USAGE = YES_ERROR;
				CLANG_WARN_DOCUMENTATION_COMMENTS = YES;
				CLANG_WARN_EMPTY_BODY = YES;
				CLANG_WARN_ENUM_CONVERSION = YES;
				CLANG_WARN_INFINITE_RECURSION = YES;
				CLANG_WARN_INT_CONVERSION = YES;
				CLANG_WARN_NON_LITERAL_NULL_CONVERSION = YES;
				CLANG_WARN_OBJC_IMPLICIT_RETAIN_SELF = YES;
				CLANG_WARN_OBJC_LITERAL_CONVERSION = YES;
				CLANG_WARN_OBJC_ROOT_CLASS = YES_ERROR;
				CLANG_WARN_RANGE_LOOP_ANALYSIS = YES;
				CLANG_WARN_STRICT_PROTOTYPES = YES;
				CLANG_WARN_SUSPICIOUS_MOVE = YES;
				CLANG_WARN_UNGUARDED_AVAILABILITY = YES_AGGRESSIVE;
				CLANG_WARN_UNREACHABLE_CODE = YES;
				CLANG_WARN__DUPLICATE_METHOD_MATCH = YES;
				COPY_PHASE_STRIP = NO;
				DEBUG_INFORMATION_FORMAT = dwarf;
				ENABLE_STRICT_OBJC_MSGSEND = YES;
				ENABLE_TESTABILITY = YES;
				GCC_C_LANGUAGE_STANDARD = gnu11;
				GCC_DYNAMIC_NO_PIC = NO;
				GCC_NO_COMMON_BLOCKS = YES;
				GCC_OPTIMIZATION_LEVEL = 0;
				GCC_PREPROCESSOR_DEFINITIONS = (
					"$(inherited)",
					"DEBUG=1",
				);
				GCC_WARN_64_TO_32_BIT_CONVERSION = YES;
				GCC_WARN_ABOUT_RETURN_TYPE = YES_ERROR;
				GCC_WARN_UNDECLARED_SELECTOR = YES;
				GCC_WARN_UNINITIALIZED_AUTOS = YES_AGGRESSIVE;
				GCC_WARN_UNUSED_FUNCTION = YES;
				GCC_WARN_UNUSED_VARIABLE = YES;
				IPHONEOS_DEPLOYMENT_TARGET = 11.0;
				MTL_ENABLE_DEBUG_INFO = YES;
				ONLY_ACTIVE_ARCH = YES;
				PRODUCT_NAME = "$(TARGET_NAME)";
				SDKROOT = iphoneos;
				SWIFT_ACTIVE_COMPILATION_CONDITIONS = DEBUG;
				SWIFT_OPTIMIZATION_LEVEL = "-Onone";
				SWIFT_VERSION = 5.0;
			};
			name = Debug;
		};
		2B46A2117B15EAD05A9FCB86 /* Debug */ = {
			isa = XCBuildConfiguration;
			buildSettings = {
				ASSETCATALOG_COMPILER_APPICON_NAME = AppIcon;
				CODE_SIGN_IDENTITY = "iPhone Developer";
				DEVELOPMENT_TEAM = 4F55VCB57F;
				INFOPLIST_FILE = Pokedex/Info.plist;
				IPHONEOS_DEPLOYMENT_TARGET = 11.0;
				LD_RUNPATH_SEARCH_PATHS = (
					"$(inherited)",
					"@executable_path/Frameworks",
				);
				PRODUCT_BUNDLE_IDENTIFIER = com.michelemola.pokedex;
				SDKROOT = iphoneos;
				TARGETED_DEVICE_FAMILY = "1,2";
			};
			name = Debug;
		};
		69B428B6D7B86E393757ED92 /* Release */ = {
			isa = XCBuildConfiguration;
			buildSettings = {
				ASSETCATALOG_COMPILER_APPICON_NAME = AppIcon;
				CODE_SIGN_IDENTITY = "iPhone Developer";
				DEVELOPMENT_TEAM = 4F55VCB57F;
				INFOPLIST_FILE = Pokedex/Info.plist;
				IPHONEOS_DEPLOYMENT_TARGET = 11.0;
				LD_RUNPATH_SEARCH_PATHS = (
					"$(inherited)",
					"@executable_path/Frameworks",
				);
				PRODUCT_BUNDLE_IDENTIFIER = com.michelemola.pokedex;
				SDKROOT = iphoneos;
				TARGETED_DEVICE_FAMILY = "1,2";
			};
			name = Release;
		};
		90E8D1A4DC0C98F2F6F204B3 /* Release */ = {
			isa = XCBuildConfiguration;
			buildSettings = {
				ALWAYS_SEARCH_USER_PATHS = NO;
				CLANG_ANALYZER_NONNULL = YES;
				CLANG_ANALYZER_NUMBER_OBJECT_CONVERSION = YES_AGGRESSIVE;
				CLANG_CXX_LANGUAGE_STANDARD = "gnu++14";
				CLANG_CXX_LIBRARY = "libc++";
				CLANG_ENABLE_MODULES = YES;
				CLANG_ENABLE_OBJC_ARC = YES;
				CLANG_WARN_BLOCK_CAPTURE_AUTORELEASING = YES;
				CLANG_WARN_BOOL_CONVERSION = YES;
				CLANG_WARN_COMMA = YES;
				CLANG_WARN_CONSTANT_CONVERSION = YES;
				CLANG_WARN_DEPRECATED_OBJC_IMPLEMENTATIONS = YES;
				CLANG_WARN_DIRECT_OBJC_ISA_USAGE = YES_ERROR;
				CLANG_WARN_DOCUMENTATION_COMMENTS = YES;
				CLANG_WARN_EMPTY_BODY = YES;
				CLANG_WARN_ENUM_CONVERSION = YES;
				CLANG_WARN_INFINITE_RECURSION = YES;
				CLANG_WARN_INT_CONVERSION = YES;
				CLANG_WARN_NON_LITERAL_NULL_CONVERSION = YES;
				CLANG_WARN_OBJC_IMPLICIT_RETAIN_SELF = YES;
				CLANG_WARN_OBJC_LITERAL_CONVERSION = YES;
				CLANG_WARN_OBJC_ROOT_CLASS = YES_ERROR;
				CLANG_WARN_RANGE_LOOP_ANALYSIS = YES;
				CLANG_WARN_STRICT_PROTOTYPES = YES;
				CLANG_WARN_SUSPICIOUS_MOVE = YES;
				CLANG_WARN_UNGUARDED_AVAILABILITY = YES_AGGRESSIVE;
				CLANG_WARN_UNREACHABLE_CODE = YES;
				CLANG_WARN__DUPLICATE_METHOD_MATCH = YES;
				COPY_PHASE_STRIP = NO;
				DEBUG_INFORMATION_FORMAT = "dwarf-with-dsym";
				ENABLE_NS_ASSERTIONS = NO;
				ENABLE_STRICT_OBJC_MSGSEND = YES;
				GCC_C_LANGUAGE_STANDARD = gnu11;
				GCC_NO_COMMON_BLOCKS = YES;
				GCC_WARN_64_TO_32_BIT_CONVERSION = YES;
				GCC_WARN_ABOUT_RETURN_TYPE = YES_ERROR;
				GCC_WARN_UNDECLARED_SELECTOR = YES;
				GCC_WARN_UNINITIALIZED_AUTOS = YES_AGGRESSIVE;
				GCC_WARN_UNUSED_FUNCTION = YES;
				GCC_WARN_UNUSED_VARIABLE = YES;
				IPHONEOS_DEPLOYMENT_TARGET = 11.0;
				PRODUCT_NAME = "$(TARGET_NAME)";
				SDKROOT = iphoneos;
				SWIFT_COMPILATION_MODE = wholemodule;
				SWIFT_VERSION = 5.0;
				VALIDATE_PRODUCT = YES;
			};
			name = Release;
		};
		DE760CE32511168D00219C1A /* Debug */ = {
			isa = XCBuildConfiguration;
			buildSettings = {
				BUNDLE_LOADER = "$(TEST_HOST)";
				CLANG_ENABLE_OBJC_WEAK = YES;
				CODE_SIGN_STYLE = Automatic;
				DEVELOPMENT_TEAM = 4F55VCB57F;
				GCC_PREPROCESSOR_DEFINITIONS = (
					"DEBUG=1",
					"$(inherited)",
				);
				INFOPLIST_FILE = PokedexTests/Info.plist;
				IPHONEOS_DEPLOYMENT_TARGET = 13.7;
				LD_RUNPATH_SEARCH_PATHS = (
					"$(inherited)",
					"@executable_path/Frameworks",
					"@loader_path/Frameworks",
				);
				MTL_ENABLE_DEBUG_INFO = INCLUDE_SOURCE;
				MTL_FAST_MATH = YES;
				PRODUCT_BUNDLE_IDENTIFIER = michelemola.PokedexTests;
				PRODUCT_NAME = "$(TARGET_NAME)";
				SWIFT_VERSION = 5.0;
				TARGETED_DEVICE_FAMILY = "1,2";
				TEST_HOST = "$(BUILT_PRODUCTS_DIR)/Pokedex.app/Pokedex";
			};
			name = Debug;
		};
		DE760CE42511168D00219C1A /* Release */ = {
			isa = XCBuildConfiguration;
			buildSettings = {
				BUNDLE_LOADER = "$(TEST_HOST)";
				CLANG_ENABLE_OBJC_WEAK = YES;
				CODE_SIGN_STYLE = Automatic;
				DEVELOPMENT_TEAM = 4F55VCB57F;
				INFOPLIST_FILE = PokedexTests/Info.plist;
				IPHONEOS_DEPLOYMENT_TARGET = 13.7;
				LD_RUNPATH_SEARCH_PATHS = (
					"$(inherited)",
					"@executable_path/Frameworks",
					"@loader_path/Frameworks",
				);
				MTL_ENABLE_DEBUG_INFO = NO;
				MTL_FAST_MATH = YES;
				PRODUCT_BUNDLE_IDENTIFIER = michelemola.PokedexTests;
				PRODUCT_NAME = "$(TARGET_NAME)";
				SWIFT_OPTIMIZATION_LEVEL = "-O";
				SWIFT_VERSION = 5.0;
				TARGETED_DEVICE_FAMILY = "1,2";
				TEST_HOST = "$(BUILT_PRODUCTS_DIR)/Pokedex.app/Pokedex";
			};
			name = Release;
		};
/* End XCBuildConfiguration section */

/* Begin XCConfigurationList section */
		9939347F5639D6C0831D9968 /* Build configuration list for PBXProject "Pokedex" */ = {
			isa = XCConfigurationList;
			buildConfigurations = (
				0B8EE91984B1D5B6BB33A663 /* Debug */,
				90E8D1A4DC0C98F2F6F204B3 /* Release */,
			);
			defaultConfigurationIsVisible = 0;
			defaultConfigurationName = Debug;
		};
		BD8DFB74652680E911DF0378 /* Build configuration list for PBXNativeTarget "Pokedex" */ = {
			isa = XCConfigurationList;
			buildConfigurations = (
				2B46A2117B15EAD05A9FCB86 /* Debug */,
				69B428B6D7B86E393757ED92 /* Release */,
			);
			defaultConfigurationIsVisible = 0;
			defaultConfigurationName = Debug;
		};
		DE760CE52511168D00219C1A /* Build configuration list for PBXNativeTarget "PokedexTests" */ = {
			isa = XCConfigurationList;
			buildConfigurations = (
				DE760CE32511168D00219C1A /* Debug */,
				DE760CE42511168D00219C1A /* Release */,
			);
			defaultConfigurationIsVisible = 0;
			defaultConfigurationName = Debug;
		};
/* End XCConfigurationList section */
	};
	rootObject = 06510187501688BCA6CB4E60 /* Project object */;
}
